
Microsoft Visual Studio Solution File, Format Version 12.00
# Visual Studio Version 17
VisualStudioVersion = 17.6.33829.357
MinimumVisualStudioVersion = 10.0.40219.1
Project("{FAE04EC0-301F-11D3-BF4B-00C04F79EFBC}") = "CommanEle", "CommanEle.csproj", "{F17BC1F2-C13C-46D3-97E6-F25DB052BF4F}"
EndProject
Global
	GlobalSection(SolutionConfigurationPlatforms) = preSolution
		Debug|Any CPU = Debug|Any CPU
		Release|Any CPU = Release|Any CPU
	EndGlobalSection
	GlobalSection(ProjectConfigurationPlatforms) = postSolution
		{F17BC1F2-C13C-46D3-97E6-F25DB052BF4F}.Debug|Any CPU.ActiveCfg = Debug|Any CPU
		{F17BC1F2-C13C-46D3-97E6-F25DB052BF4F}.Debug|Any CPU.Build.0 = Debug|Any CPU
		{F17BC1F2-C13C-46D3-97E6-F25DB052BF4F}.Release|Any CPU.ActiveCfg = Release|Any CPU
		{F17BC1F2-C13C-46D3-97E6-F25DB052BF4F}.Release|Any CPU.Build.0 = Release|Any CPU
	EndGlobalSection
	GlobalSection(SolutionProperties) = preSolution
		HideSolutionNode = FALSE
	EndGlobalSection
	GlobalSection(ExtensibilityGlobals) = postSolution
		SolutionGuid = {FC7BD384-2B67-48A5-B22B-F1A2C752685C}
	EndGlobalSection
EndGlobal
